PODS:
  - AFNetworking (2.5.1):
    - AFNetworking/NSURLConnection (= 2.5.1)
    - AFNetworking/NSURLSession (= 2.5.1)
    - AFNetworking/Reachability (= 2.5.1)
    - AFNetworking/Security (= 2.5.1)
    - AFNetworking/Serialization (= 2.5.1)
    - AFNetworking/UIKit (= 2.5.1)
  - AFNetworking/NSURLConnection (2.5.1):
    - AFNetworking/Reachability
    - AFNetworking/Security
    - AFNetworking/Serialization
  - AFNetworking/NSURLSession (2.5.1):
    - AFNetworking/Reachability
    - AFNetworking/Security
    - AFNetworking/Serialization
  - AFNetworking/Reachability (2.5.1)
  - AFNetworking/Security (2.5.1)
  - AFNetworking/Serialization (2.5.1)
  - AFNetworking/UIKit (2.5.1):
    - AFNetworking/NSURLConnection
    - AFNetworking/NSURLSession
  - Alamofire (1.1.4)
  - BDBOAuth1Manager (1.5.0):
    - AFNetworking/NSURLConnection (~> 2.5.0)
    - AFNetworking/NSURLSession (~> 2.5.0)
  - Haneke (1.0.1)
  - Snap (0.0.6)
  - SwiftyJSON (2.1.3)

DEPENDENCIES:
  - AFNetworking (from `https://github.com/AFNetworking/AFNetworking.git`)
  - Alamofire (from `https://github.com/Alamofire/Alamofire.git`)
  - BDBOAuth1Manager (from `https://github.com/bdbergeron/BDBOAuth1Manager.git`)
  - Haneke (from `https://github.com/Haneke/Haneke.git`)
  - Snap (from `https://github.com/Masonry/Snap.git`)
  - SwiftyJSON (from `https://github.com/SwiftyJSON/SwiftyJSON.git`)

EXTERNAL SOURCES:
  AFNetworking:
    :git: https://github.com/AFNetworking/AFNetworking.git
  Alamofire:
    :git: https://github.com/Alamofire/Alamofire.git
  BDBOAuth1Manager:
    :git: https://github.com/bdbergeron/BDBOAuth1Manager.git
  Haneke:
    :git: https://github.com/Haneke/Haneke.git
  Snap:
    :git: https://github.com/Masonry/Snap.git
  SwiftyJSON:
    :git: https://github.com/SwiftyJSON/SwiftyJSON.git

CHECKOUT OPTIONS:
  AFNetworking:
    :commit: 177c84661b01caef5be63a7502ae1a852a71dd2e
    :git: https://github.com/AFNetworking/AFNetworking.git
  Alamofire:
    :commit: 1d9932f6359c27879d0af7646c3a389884cc310f
    :git: https://github.com/Alamofire/Alamofire.git
  BDBOAuth1Manager:
    :commit: 687824cdf7876e962476bb294605e15e309287ac
    :git: https://github.com/bdbergeron/BDBOAuth1Manager.git
  Haneke:
    :commit: 5a7f718bf7f739ca2c77ed3307967075ef1615b5
    :git: https://github.com/Haneke/Haneke.git
  Snap:
    :commit: faf7d43aaf6c46d11d1b1cdbb9ff58392ece6e52
    :git: https://github.com/Masonry/Snap.git
  SwiftyJSON:
    :commit: 02878562cc779fda8e86be3211050f03228a01d6
    :git: https://github.com/SwiftyJSON/SwiftyJSON.git

SPEC CHECKSUMS:
  AFNetworking: 10e85a00bb0f475124e4ff2677bf15693b2c1523
  Alamofire: 6a2cbaebe78a6d469bc55ee37f0a24ba22af76ac
  BDBOAuth1Manager: 2e28773b58f880fb36b5cd3efcf0b1fefbc78a99
  Haneke: d60be8b96b228633b24708dd153169d6849d6f78
  Snap: c691705e45df9cae55cebedde52013683588db52
  SwiftyJSON: a561c2a840121085bec8a2dfeac97a360fc66901

COCOAPODS: 0.36.0.rc.1
