// !$*UTF8*$!
{
	archiveVersion = 1;
	classes = {
	};
	objectVersion = 46;
	objects = {

/* Begin PBXBuildFile section */
		7F97F2A01A82EF3C0089F42D /* AppDelegate.swift in Sources */ = {isa = PBXBuildFile; fileRef = 7F97F29F1A82EF3C0089F42D /* AppDelegate.swift */; };
		7F97F2A21A82EF3C0089F42D /* ViewController.swift in Sources */ = {isa = PBXBuildFile; fileRef = 7F97F2A11A82EF3C0089F42D /* ViewController.swift */; };
		7F97F2A51A82EF3C0089F42D /* Main.storyboard in Resources */ = {isa = PBXBuildFile; fileRef = 7F97F2A31A82EF3C0089F42D /* Main.storyboard */; };
		7F97F2A71A82EF3C0089F42D /* Images.xcassets in Resources */ = {isa = PBXBuildFile; fileRef = 7F97F2A61A82EF3C0089F42D /* Images.xcassets */; };
		7F97F2AA1A82EF3C0089F42D /* LaunchScreen.xib in Resources */ = {isa = PBXBuildFile; fileRef = 7F97F2A81A82EF3C0089F42D /* LaunchScreen.xib */; };
		7F97F2B61A82EF3C0089F42D /* programatic_viewsTests.swift in Sources */ = {isa = PBXBuildFile; fileRef = 7F97F2B51A82EF3C0089F42D /* programatic_viewsTests.swift */; };
		7F97F2C01A82FAF70089F42D /* ena.jpg in Resources */ = {isa = PBXBuildFile; fileRef = 7F97F2BF1A82FAF70089F42D /* ena.jpg */; };
/* End PBXBuildFile section */

/* Begin PBXContainerItemProxy section */
		7F97F2B01A82EF3C0089F42D /* PBXContainerItemProxy */ = {
			isa = PBXContainerItemProxy;
			containerPortal = 7F97F2921A82EF3C0089F42D /* Project object */;
			proxyType = 1;
			remoteGlobalIDString = 7F97F2991A82EF3C0089F42D;
			remoteInfo = "programatic views";
		};
/* End PBXContainerItemProxy section */

/* Begin PBXFileReference section */
		7F97F29A1A82EF3C0089F42D /* programatic views.app */ = {isa = PBXFileReference; explicitFileType = wrapper.application; includeInIndex = 0; path = "programatic views.app"; sourceTree = BUILT_PRODUCTS_DIR; };
		7F97F29E1A82EF3C0089F42D /* Info.plist */ = {isa = PBXFileReference; lastKnownFileType = text.plist.xml; path = Info.plist; sourceTree = "<group>"; };
		7F97F29F1A82EF3C0089F42D /* AppDelegate.swift */ = {isa = PBXFileReference; lastKnownFileType = sourcecode.swift; path = AppDelegate.swift; sourceTree = "<group>"; };
		7F97F2A11A82EF3C0089F42D /* ViewController.swift */ = {isa = PBXFileReference; lastKnownFileType = sourcecode.swift; path = ViewController.swift; sourceTree = "<group>"; };
		7F97F2A41A82EF3C0089F42D /* Base */ = {isa = PBXFileReference; lastKnownFileType = file.storyboard; name = Base; path = Base.lproj/Main.storyboard; sourceTree = "<group>"; };
		7F97F2A61A82EF3C0089F42D /* Images.xcassets */ = {isa = PBXFileReference; lastKnownFileType = folder.assetcatalog; path = Images.xcassets; sourceTree = "<group>"; };
		7F97F2A91A82EF3C0089F42D /* Base */ = {isa = PBXFileReference; lastKnownFileType = file.xib; name = Base; path = Base.lproj/LaunchScreen.xib; sourceTree = "<group>"; };
		7F97F2AF1A82EF3C0089F42D /* programatic viewsTests.xctest */ = {isa = PBXFileReference; explicitFileType = wrapper.cfbundle; includeInIndex = 0; path = "programatic viewsTests.xctest"; sourceTree = BUILT_PRODUCTS_DIR; };
		7F97F2B41A82EF3C0089F42D /* Info.plist */ = {isa = PBXFileReference; lastKnownFileType = text.plist.xml; path = Info.plist; sourceTree = "<group>"; };
		7F97F2B51A82EF3C0089F42D /* programatic_viewsTests.swift */ = {isa = PBXFileReference; lastKnownFileType = sourcecode.swift; path = programatic_viewsTests.swift; sourceTree = "<group>"; };
		7F97F2BF1A82FAF70089F42D /* ena.jpg */ = {isa = PBXFileReference; lastKnownFileType = image.jpeg; path = ena.jpg; sourceTree = "<group>"; };
/* End PBXFileReference section */

/* Begin PBXFrameworksBuildPhase section */
		7F97F2971A82EF3C0089F42D /* Frameworks */ = {
			isa = PBXFrameworksBuildPhase;
			buildActionMask = 2147483647;
			files = (
			);
			runOnlyForDeploymentPostprocessing = 0;
		};
		7F97F2AC1A82EF3C0089F42D /* Frameworks */ = {
			isa = PBXFrameworksBuildPhase;
			buildActionMask = 2147483647;
			files = (
			);
			runOnlyForDeploymentPostprocessing = 0;
		};
/* End PBXFrameworksBuildPhase section */

/* Begin PBXGroup section */
		7F97F2911A82EF3C0089F42D = {
			isa = PBXGroup;
			children = (
				7F97F29C1A82EF3C0089F42D /* programatic views */,
				7F97F2B21A82EF3C0089F42D /* programatic viewsTests */,
				7F97F29B1A82EF3C0089F42D /* Products */,
			);
			sourceTree = "<group>";
		};
		7F97F29B1A82EF3C0089F42D /* Products */ = {
			isa = PBXGroup;
			children = (
				7F97F29A1A82EF3C0089F42D /* programatic views.app */,
				7F97F2AF1A82EF3C0089F42D /* programatic viewsTests.xctest */,
			);
			name = Products;
			sourceTree = "<group>";
		};
		7F97F29C1A82EF3C0089F42D /* programatic views */ = {
			isa = PBXGroup;
			children = (
				7F97F29F1A82EF3C0089F42D /* AppDelegate.swift */,
				7F97F2A11A82EF3C0089F42D /* ViewController.swift */,
				7F97F2A31A82EF3C0089F42D /* Main.storyboard */,
				7F97F2BF1A82FAF70089F42D /* ena.jpg */,
				7F97F2A61A82EF3C0089F42D /* Images.xcassets */,
				7F97F2A81A82EF3C0089F42D /* LaunchScreen.xib */,
				7F97F29D1A82EF3C0089F42D /* Supporting Files */,
			);
			path = "programatic views";
			sourceTree = "<group>";
		};
		7F97F29D1A82EF3C0089F42D /* Supporting Files */ = {
			isa = PBXGroup;
			children = (
				7F97F29E1A82EF3C0089F42D /* Info.plist */,
			);
			name = "Supporting Files";
			sourceTree = "<group>";
		};
		7F97F2B21A82EF3C0089F42D /* programatic viewsTests */ = {
			isa = PBXGroup;
			children = (
				7F97F2B51A82EF3C0089F42D /* programatic_viewsTests.swift */,
				7F97F2B31A82EF3C0089F42D /* Supporting Files */,
			);
			path = "programatic viewsTests";
			sourceTree = "<group>";
		};
		7F97F2B31A82EF3C0089F42D /* Supporting Files */ = {
			isa = PBXGroup;
			children = (
				7F97F2B41A82EF3C0089F42D /* Info.plist */,
			);
			name = "Supporting Files";
			sourceTree = "<group>";
		};
/* End PBXGroup section */

/* Begin PBXNativeTarget section */
		7F97F2991A82EF3C0089F42D /* programatic views */ = {
			isa = PBXNativeTarget;
			buildConfigurationList = 7F97F2B91A82EF3C0089F42D /* Build configuration list for PBXNativeTarget "programatic views" */;
			buildPhases = (
				7F97F2961A82EF3C0089F42D /* Sources */,
				7F97F2971A82EF3C0089F42D /* Frameworks */,
				7F97F2981A82EF3C0089F42D /* Resources */,
			);
			buildRules = (
			);
			dependencies = (
			);
			name = "programatic views";
			productName = "programatic views";
			productReference = 7F97F29A1A82EF3C0089F42D /* programatic views.app */;
			productType = "com.apple.product-type.application";
		};
		7F97F2AE1A82EF3C0089F42D /* programatic viewsTests */ = {
			isa = PBXNativeTarget;
			buildConfigurationList = 7F97F2BC1A82EF3C0089F42D /* Build configuration list for PBXNativeTarget "programatic viewsTests" */;
			buildPhases = (
				7F97F2AB1A82EF3C0089F42D /* Sources */,
				7F97F2AC1A82EF3C0089F42D /* Frameworks */,
				7F97F2AD1A82EF3C0089F42D /* Resources */,
			);
			buildRules = (
			);
			dependencies = (
				7F97F2B11A82EF3C0089F42D /* PBXTargetDependency */,
			);
			name = "programatic viewsTests";
			productName = "programatic viewsTests";
			productReference = 7F97F2AF1A82EF3C0089F42D /* programatic viewsTests.xctest */;
			productType = "com.apple.product-type.bundle.unit-test";
		};
/* End PBXNativeTarget section */

/* Begin PBXProject section */
		7F97F2921A82EF3C0089F42D /* Project object */ = {
			isa = PBXProject;
			attributes = {
				LastUpgradeCheck = 0610;
				ORGANIZATIONNAME = "Andre Shonubi";
				TargetAttributes = {
					7F97F2991A82EF3C0089F42D = {
						CreatedOnToolsVersion = 6.1.1;
					};
					7F97F2AE1A82EF3C0089F42D = {
						CreatedOnToolsVersion = 6.1.1;
						TestTargetID = 7F97F2991A82EF3C0089F42D;
					};
				};
			};
			buildConfigurationList = 7F97F2951A82EF3C0089F42D /* Build configuration list for PBXProject "programatic views" */;
			compatibilityVersion = "Xcode 3.2";
			developmentRegion = English;
			hasScannedForEncodings = 0;
			knownRegions = (
				en,
				Base,
			);
			mainGroup = 7F97F2911A82EF3C0089F42D;
			productRefGroup = 7F97F29B1A82EF3C0089F42D /* Products */;
			projectDirPath = "";
			projectRoot = "";
			targets = (
				7F97F2991A82EF3C0089F42D /* programatic views */,
				7F97F2AE1A82EF3C0089F42D /* programatic viewsTests */,
			);
		};
/* End PBXProject section */

/* Begin PBXResourcesBuildPhase section */
		7F97F2981A82EF3C0089F42D /* Resources */ = {
			isa = PBXResourcesBuildPhase;
			buildActionMask = 2147483647;
			files = (
				7F97F2A51A82EF3C0089F42D /* Main.storyboard in Resources */,
				7F97F2C01A82FAF70089F42D /* ena.jpg in Resources */,
				7F97F2AA1A82EF3C0089F42D /* LaunchScreen.xib in Resources */,
				7F97F2A71A82EF3C0089F42D /* Images.xcassets in Resources */,
			);
			runOnlyForDeploymentPostprocessing = 0;
		};
		7F97F2AD1A82EF3C0089F42D /* Resources */ = {
			isa = PBXResourcesBuildPhase;
			buildActionMask = 2147483647;
			files = (
			);
			runOnlyForDeploymentPostprocessing = 0;
		};
/* End PBXResourcesBuildPhase section */

/* Begin PBXSourcesBuildPhase section */
		7F97F2961A82EF3C0089F42D /* Sources */ = {
			isa = PBXSourcesBuildPhase;
			buildActionMask = 2147483647;
			files = (
				7F97F2A21A82EF3C0089F42D /* ViewController.swift in Sources */,
				7F97F2A01A82EF3C0089F42D /* AppDelegate.swift in Sources */,
			);
			runOnlyForDeploymentPostprocessing = 0;
		};
		7F97F2AB1A82EF3C0089F42D /* Sources */ = {
			isa = PBXSourcesBuildPhase;
			buildActionMask = 2147483647;
			files = (
				7F97F2B61A82EF3C0089F42D /* programatic_viewsTests.swift in Sources */,
			);
			runOnlyForDeploymentPostprocessing = 0;
		};
/* End PBXSourcesBuildPhase section */

/* Begin PBXTargetDependency section */
		7F97F2B11A82EF3C0089F42D /* PBXTargetDependency */ = {
			isa = PBXTargetDependency;
			target = 7F97F2991A82EF3C0089F42D /* programatic views */;
			targetProxy = 7F97F2B01A82EF3C0089F42D /* PBXContainerItemProxy */;
		};
/* End PBXTargetDependency section */

/* Begin PBXVariantGroup section */
		7F97F2A31A82EF3C0089F42D /* Main.storyboard */ = {
			isa = PBXVariantGroup;
			children = (
				7F97F2A41A82EF3C0089F42D /* Base */,
			);
			name = Main.storyboard;
			sourceTree = "<group>";
		};
		7F97F2A81A82EF3C0089F42D /* LaunchScreen.xib */ = {
			isa = PBXVariantGroup;
			children = (
				7F97F2A91A82EF3C0089F42D /* Base */,
			);
			name = LaunchScreen.xib;
			sourceTree = "<group>";
		};
/* End PBXVariantGroup section */

/* Begin XCBuildConfiguration section */
		7F97F2B71A82EF3C0089F42D /* Debug */ = {
			isa = XCBuildConfiguration;
			buildSettings = {
				ALWAYS_SEARCH_USER_PATHS = NO;
				CLANG_CXX_LANGUAGE_STANDARD = "gnu++0x";
				CLANG_CXX_LIBRARY = "libc++";
				CLANG_ENABLE_MODULES = YES;
				CLANG_ENABLE_OBJC_ARC = YES;
				CLANG_WARN_BOOL_CONVERSION = YES;
				CLANG_WARN_CONSTANT_CONVERSION = YES;
				CLANG_WARN_DIRECT_OBJC_ISA_USAGE = YES_ERROR;
				CLANG_WARN_EMPTY_BODY = YES;
				CLANG_WARN_ENUM_CONVERSION = YES;
				CLANG_WARN_INT_CONVERSION = YES;
				CLANG_WARN_OBJC_ROOT_CLASS = YES_ERROR;
				CLANG_WARN_UNREACHABLE_CODE = YES;
				CLANG_WARN__DUPLICATE_METHOD_MATCH = YES;
				"CODE_SIGN_IDENTITY[sdk=iphoneos*]" = "iPhone Developer";
				COPY_PHASE_STRIP = NO;
				ENABLE_STRICT_OBJC_MSGSEND = YES;
				GCC_C_LANGUAGE_STANDARD = gnu99;
				GCC_DYNAMIC_NO_PIC = NO;
				GCC_OPTIMIZATION_LEVEL = 0;
				GCC_PREPROCESSOR_DEFINITIONS = (
					"DEBUG=1",
					"$(inherited)",
				);
				GCC_SYMBOLS_PRIVATE_EXTERN = NO;
				GCC_WARN_64_TO_32_BIT_CONVERSION = YES;
				GCC_WARN_ABOUT_RETURN_TYPE = YES_ERROR;
				GCC_WARN_UNDECLARED_SELECTOR = YES;
				GCC_WARN_UNINITIALIZED_AUTOS = YES_AGGRESSIVE;
				GCC_WARN_UNUSED_FUNCTION = YES;
				GCC_WARN_UNUSED_VARIABLE = YES;
				IPHONEOS_DEPLOYMENT_TARGET = 8.1;
				MTL_ENABLE_DEBUG_INFO = YES;
				ONLY_ACTIVE_ARCH = YES;
				SDKROOT = iphoneos;
				SWIFT_OPTIMIZATION_LEVEL = "-Onone";
			};
			name = Debug;
		};
		7F97F2B81A82EF3C0089F42D /* Release */ = {
			isa = XCBuildConfiguration;
			buildSettings = {
				ALWAYS_SEARCH_USER_PATHS = NO;
				CLANG_CXX_LANGUAGE_STANDARD = "gnu++0x";
				CLANG_CXX_LIBRARY = "libc++";
				CLANG_ENABLE_MODULES = YES;
				CLANG_ENABLE_OBJC_ARC = YES;
				CLANG_WARN_BOOL_CONVERSION = YES;
				CLANG_WARN_CONSTANT_CONVERSION = YES;
				CLANG_WARN_DIRECT_OBJC_ISA_USAGE = YES_ERROR;
				CLANG_WARN_EMPTY_BODY = YES;
				CLANG_WARN_ENUM_CONVERSION = YES;
				CLANG_WARN_INT_CONVERSION = YES;
				CLANG_WARN_OBJC_ROOT_CLASS = YES_ERROR;
				CLANG_WARN_UNREACHABLE_CODE = YES;
				CLANG_WARN__DUPLICATE_METHOD_MATCH = YES;
				"CODE_SIGN_IDENTITY[sdk=iphoneos*]" = "iPhone Developer";
				COPY_PHASE_STRIP = YES;
				ENABLE_NS_ASSERTIONS = NO;
				ENABLE_STRICT_OBJC_MSGSEND = YES;
				GCC_C_LANGUAGE_STANDARD = gnu99;
				GCC_WARN_64_TO_32_BIT_CONVERSION = YES;
				GCC_WARN_ABOUT_RETURN_TYPE = YES_ERROR;
				GCC_WARN_UNDECLARED_SELECTOR = YES;
				GCC_WARN_UNINITIALIZED_AUTOS = YES_AGGRESSIVE;
				GCC_WARN_UNUSED_FUNCTION = YES;
				GCC_WARN_UNUSED_VARIABLE = YES;
				IPHONEOS_DEPLOYMENT_TARGET = 8.1;
				MTL_ENABLE_DEBUG_INFO = NO;
				SDKROOT = iphoneos;
				VALIDATE_PRODUCT = YES;
			};
			name = Release;
		};
		7F97F2BA1A82EF3C0089F42D /* Debug */ = {
			isa = XCBuildConfiguration;
			buildSettings = {
				ASSETCATALOG_COMPILER_APPICON_NAME = AppIcon;
				INFOPLIST_FILE = "programatic views/Info.plist";
				LD_RUNPATH_SEARCH_PATHS = "$(inherited) @executable_path/Frameworks";
				PRODUCT_NAME = "$(TARGET_NAME)";
			};
			name = Debug;
		};
		7F97F2BB1A82EF3C0089F42D /* Release */ = {
			isa = XCBuildConfiguration;
			buildSettings = {
				ASSETCATALOG_COMPILER_APPICON_NAME = AppIcon;
				INFOPLIST_FILE = "programatic views/Info.plist";
				LD_RUNPATH_SEARCH_PATHS = "$(inherited) @executable_path/Frameworks";
				PRODUCT_NAME = "$(TARGET_NAME)";
			};
			name = Release;
		};
		7F97F2BD1A82EF3C0089F42D /* Debug */ = {
			isa = XCBuildConfiguration;
			buildSettings = {
				BUNDLE_LOADER = "$(TEST_HOST)";
				FRAMEWORK_SEARCH_PATHS = (
					"$(SDKROOT)/Developer/Library/Frameworks",
					"$(inherited)",
				);
				GCC_PREPROCESSOR_DEFINITIONS = (
					"DEBUG=1",
					"$(inherited)",
				);
				INFOPLIST_FILE = "programatic viewsTests/Info.plist";
				LD_RUNPATH_SEARCH_PATHS = "$(inherited) @executable_path/Frameworks @loader_path/Frameworks";
				PRODUCT_NAME = "$(TARGET_NAME)";
				TEST_HOST = "$(BUILT_PRODUCTS_DIR)/programatic views.app/programatic views";
			};
			name = Debug;
		};
		7F97F2BE1A82EF3C0089F42D /* Release */ = {
			isa = XCBuildConfiguration;
			buildSettings = {
				BUNDLE_LOADER = "$(TEST_HOST)";
				FRAMEWORK_SEARCH_PATHS = (
					"$(SDKROOT)/Developer/Library/Frameworks",
					"$(inherited)",
				);
				INFOPLIST_FILE = "programatic viewsTests/Info.plist";
				LD_RUNPATH_SEARCH_PATHS = "$(inherited) @executable_path/Frameworks @loader_path/Frameworks";
				PRODUCT_NAME = "$(TARGET_NAME)";
				TEST_HOST = "$(BUILT_PRODUCTS_DIR)/programatic views.app/programatic views";
			};
			name = Release;
		};
/* End XCBuildConfiguration section */

/* Begin XCConfigurationList section */
		7F97F2951A82EF3C0089F42D /* Build configuration list for PBXProject "programatic views" */ = {
			isa = XCConfigurationList;
			buildConfigurations = (
				7F97F2B71A82EF3C0089F42D /* Debug */,
				7F97F2B81A82EF3C0089F42D /* Release */,
			);
			defaultConfigurationIsVisible = 0;
			defaultConfigurationName = Release;
		};
		7F97F2B91A82EF3C0089F42D /* Build configuration list for PBXNativeTarget "programatic views" */ = {
			isa = XCConfigurationList;
			buildConfigurations = (
				7F97F2BA1A82EF3C0089F42D /* Debug */,
				7F97F2BB1A82EF3C0089F42D /* Release */,
			);
			defaultConfigurationIsVisible = 0;
		};
		7F97F2BC1A82EF3C0089F42D /* Build configuration list for PBXNativeTarget "programatic viewsTests" */ = {
			isa = XCConfigurationList;
			buildConfigurations = (
				7F97F2BD1A82EF3C0089F42D /* Debug */,
				7F97F2BE1A82EF3C0089F42D /* Release */,
			);
			defaultConfigurationIsVisible = 0;
		};
/* End XCConfigurationList section */
	};
	rootObject = 7F97F2921A82EF3C0089F42D /* Project object */;
}
