// !$*UTF8*$!
{
	archiveVersion = 1;
	classes = {
	};
	objectVersion = 46;
	objects = {

/* Begin PBXBuildFile section */
		483840BB9B415F075ED76681 /* Pods.framework in Frameworks */ = {isa = PBXBuildFile; fileRef = 9797E8BCBF0E0CC42D1F1AC0 /* Pods.framework */; settings = {ATTRIBUTES = (Weak, ); }; };
		7F04BA801ABB8DBC00A62B19 /* CreateMoodViewController.swift in Sources */ = {isa = PBXBuildFile; fileRef = 7F04BA7F1ABB8DBC00A62B19 /* CreateMoodViewController.swift */; };
		7F6C7CA31AAE7F13002C2D6C /* AppDelegate.swift in Sources */ = {isa = PBXBuildFile; fileRef = 7F6C7CA21AAE7F13002C2D6C /* AppDelegate.swift */; };
		7F6C7CA61AAE7F13002C2D6C /* letseat.xcdatamodeld in Sources */ = {isa = PBXBuildFile; fileRef = 7F6C7CA41AAE7F13002C2D6C /* letseat.xcdatamodeld */; };
		7F6C7CA81AAE7F13002C2D6C /* ViewController.swift in Sources */ = {isa = PBXBuildFile; fileRef = 7F6C7CA71AAE7F13002C2D6C /* ViewController.swift */; };
		7F6C7CAB1AAE7F13002C2D6C /* Main.storyboard in Resources */ = {isa = PBXBuildFile; fileRef = 7F6C7CA91AAE7F13002C2D6C /* Main.storyboard */; };
		7F6C7CAD1AAE7F13002C2D6C /* Images.xcassets in Resources */ = {isa = PBXBuildFile; fileRef = 7F6C7CAC1AAE7F13002C2D6C /* Images.xcassets */; };
		7F6C7CB01AAE7F13002C2D6C /* LaunchScreen.xib in Resources */ = {isa = PBXBuildFile; fileRef = 7F6C7CAE1AAE7F13002C2D6C /* LaunchScreen.xib */; };
		7F6C7CBC1AAE7F13002C2D6C /* letseatTests.swift in Sources */ = {isa = PBXBuildFile; fileRef = 7F6C7CBB1AAE7F13002C2D6C /* letseatTests.swift */; };
		7FC8FBDF1AB4B5480024E83D /* DetailViewController.swift in Sources */ = {isa = PBXBuildFile; fileRef = 7FC8FBDE1AB4B5480024E83D /* DetailViewController.swift */; };
		7FC8FBEB1AB508260024E83D /* BusinessCell.xib in Resources */ = {isa = PBXBuildFile; fileRef = 7FC8FBEA1AB508260024E83D /* BusinessCell.xib */; };
		7FC8FBED1AB512CC0024E83D /* BusinessCell.swift in Sources */ = {isa = PBXBuildFile; fileRef = 7FC8FBEC1AB512CC0024E83D /* BusinessCell.swift */; };
		7FCE5C161ABBE6B500A68671 /* Location.swift in Sources */ = {isa = PBXBuildFile; fileRef = 7FCE5C151ABBE6B500A68671 /* Location.swift */; };
		7FCE5C181ABCBA4800A68671 /* Restaurant.swift in Sources */ = {isa = PBXBuildFile; fileRef = 7FCE5C171ABCBA4800A68671 /* Restaurant.swift */; };
		7FE10A131AB3BA8C00B09F50 /* LetsEatNavigationBar.swift in Sources */ = {isa = PBXBuildFile; fileRef = 7FE10A121AB3BA8C00B09F50 /* LetsEatNavigationBar.swift */; };
		7FE10A151AB3C16C00B09F50 /* MapKit.framework in Frameworks */ = {isa = PBXBuildFile; fileRef = 7FE10A141AB3C16C00B09F50 /* MapKit.framework */; };
		7FE10A191AB3C23A00B09F50 /* PlacesViewController.swift in Sources */ = {isa = PBXBuildFile; fileRef = 7FE10A181AB3C23A00B09F50 /* PlacesViewController.swift */; };
		7FF11CA91AB0A1DA00BDB868 /* MoodListTableViewController.swift in Sources */ = {isa = PBXBuildFile; fileRef = 7FF11CA81AB0A1DA00BDB868 /* MoodListTableViewController.swift */; };
		7FF11CAB1AB0BE9400BDB868 /* Mood.swift in Sources */ = {isa = PBXBuildFile; fileRef = 7FF11CAA1AB0BE9400BDB868 /* Mood.swift */; };
		7FF11CAE1AB0D67900BDB868 /* HamburgerButton.swift in Sources */ = {isa = PBXBuildFile; fileRef = 7FF11CAD1AB0D67900BDB868 /* HamburgerButton.swift */; };
		7FF11CB01AB0DEC300BDB868 /* QuartzCore.framework in Frameworks */ = {isa = PBXBuildFile; fileRef = 7FF11CAF1AB0DEC200BDB868 /* QuartzCore.framework */; };
		7FF11CB21AB0DECD00BDB868 /* CoreGraphics.framework in Frameworks */ = {isa = PBXBuildFile; fileRef = 7FF11CB11AB0DECD00BDB868 /* CoreGraphics.framework */; };
/* End PBXBuildFile section */

/* Begin PBXContainerItemProxy section */
		7F6C7CB61AAE7F13002C2D6C /* PBXContainerItemProxy */ = {
			isa = PBXContainerItemProxy;
			containerPortal = 7F6C7C951AAE7F13002C2D6C /* Project object */;
			proxyType = 1;
			remoteGlobalIDString = 7F6C7C9C1AAE7F13002C2D6C;
			remoteInfo = letseat;
		};
/* End PBXContainerItemProxy section */

/* Begin PBXFileReference section */
		7C12A6A1B71E44D3D2259298 /* Pods.release.xcconfig */ = {isa = PBXFileReference; includeInIndex = 1; lastKnownFileType = text.xcconfig; name = Pods.release.xcconfig; path = "Pods/Target Support Files/Pods/Pods.release.xcconfig"; sourceTree = "<group>"; };
		7F0396091AB0009300AFD33C /* Podfile */ = {isa = PBXFileReference; lastKnownFileType = text; path = Podfile; sourceTree = "<group>"; xcLanguageSpecificationIdentifier = xcode.lang.ruby; };
		7F04BA7F1ABB8DBC00A62B19 /* CreateMoodViewController.swift */ = {isa = PBXFileReference; fileEncoding = 4; lastKnownFileType = sourcecode.swift; path = CreateMoodViewController.swift; sourceTree = "<group>"; };
		7F6C7C9D1AAE7F13002C2D6C /* letseat.app */ = {isa = PBXFileReference; explicitFileType = wrapper.application; includeInIndex = 0; path = letseat.app; sourceTree = BUILT_PRODUCTS_DIR; };
		7F6C7CA11AAE7F13002C2D6C /* Info.plist */ = {isa = PBXFileReference; lastKnownFileType = text.plist.xml; path = Info.plist; sourceTree = "<group>"; };
		7F6C7CA21AAE7F13002C2D6C /* AppDelegate.swift */ = {isa = PBXFileReference; lastKnownFileType = sourcecode.swift; path = AppDelegate.swift; sourceTree = "<group>"; };
		7F6C7CA51AAE7F13002C2D6C /* letseat.xcdatamodel */ = {isa = PBXFileReference; lastKnownFileType = wrapper.xcdatamodel; path = letseat.xcdatamodel; sourceTree = "<group>"; };
		7F6C7CA71AAE7F13002C2D6C /* ViewController.swift */ = {isa = PBXFileReference; lastKnownFileType = sourcecode.swift; path = ViewController.swift; sourceTree = "<group>"; };
		7F6C7CAA1AAE7F13002C2D6C /* Base */ = {isa = PBXFileReference; lastKnownFileType = file.storyboard; name = Base; path = Base.lproj/Main.storyboard; sourceTree = "<group>"; };
		7F6C7CAC1AAE7F13002C2D6C /* Images.xcassets */ = {isa = PBXFileReference; lastKnownFileType = folder.assetcatalog; path = Images.xcassets; sourceTree = "<group>"; };
		7F6C7CAF1AAE7F13002C2D6C /* Base */ = {isa = PBXFileReference; lastKnownFileType = file.xib; name = Base; path = Base.lproj/LaunchScreen.xib; sourceTree = "<group>"; };
		7F6C7CB51AAE7F13002C2D6C /* letseatTests.xctest */ = {isa = PBXFileReference; explicitFileType = wrapper.cfbundle; includeInIndex = 0; path = letseatTests.xctest; sourceTree = BUILT_PRODUCTS_DIR; };
		7F6C7CBA1AAE7F13002C2D6C /* Info.plist */ = {isa = PBXFileReference; lastKnownFileType = text.plist.xml; path = Info.plist; sourceTree = "<group>"; };
		7F6C7CBB1AAE7F13002C2D6C /* letseatTests.swift */ = {isa = PBXFileReference; lastKnownFileType = sourcecode.swift; path = letseatTests.swift; sourceTree = "<group>"; };
		7FB725CC1AB495E100129F80 /* letseat-Bridging-Header.h */ = {isa = PBXFileReference; lastKnownFileType = sourcecode.c.h; path = "letseat-Bridging-Header.h"; sourceTree = "<group>"; };
		7FC8FBDE1AB4B5480024E83D /* DetailViewController.swift */ = {isa = PBXFileReference; fileEncoding = 4; lastKnownFileType = sourcecode.swift; path = DetailViewController.swift; sourceTree = "<group>"; };
		7FC8FBEA1AB508260024E83D /* BusinessCell.xib */ = {isa = PBXFileReference; fileEncoding = 4; lastKnownFileType = file.xib; path = BusinessCell.xib; sourceTree = "<group>"; };
		7FC8FBEC1AB512CC0024E83D /* BusinessCell.swift */ = {isa = PBXFileReference; fileEncoding = 4; lastKnownFileType = sourcecode.swift; path = BusinessCell.swift; sourceTree = "<group>"; };
		7FCE5C151ABBE6B500A68671 /* Location.swift */ = {isa = PBXFileReference; fileEncoding = 4; lastKnownFileType = sourcecode.swift; path = Location.swift; sourceTree = "<group>"; };
		7FCE5C171ABCBA4800A68671 /* Restaurant.swift */ = {isa = PBXFileReference; fileEncoding = 4; lastKnownFileType = sourcecode.swift; path = Restaurant.swift; sourceTree = "<group>"; };
		7FE10A121AB3BA8C00B09F50 /* LetsEatNavigationBar.swift */ = {isa = PBXFileReference; fileEncoding = 4; lastKnownFileType = sourcecode.swift; path = LetsEatNavigationBar.swift; sourceTree = "<group>"; };
		7FE10A141AB3C16C00B09F50 /* MapKit.framework */ = {isa = PBXFileReference; lastKnownFileType = wrapper.framework; name = MapKit.framework; path = System/Library/Frameworks/MapKit.framework; sourceTree = SDKROOT; };
		7FE10A181AB3C23A00B09F50 /* PlacesViewController.swift */ = {isa = PBXFileReference; fileEncoding = 4; lastKnownFileType = sourcecode.swift; path = PlacesViewController.swift; sourceTree = "<group>"; };
		7FF11CA81AB0A1DA00BDB868 /* MoodListTableViewController.swift */ = {isa = PBXFileReference; fileEncoding = 4; lastKnownFileType = sourcecode.swift; path = MoodListTableViewController.swift; sourceTree = "<group>"; };
		7FF11CAA1AB0BE9400BDB868 /* Mood.swift */ = {isa = PBXFileReference; fileEncoding = 4; lastKnownFileType = sourcecode.swift; path = Mood.swift; sourceTree = "<group>"; };
		7FF11CAC1AB0C43300BDB868 /* MyPlayground.playground */ = {isa = PBXFileReference; lastKnownFileType = file.playground; path = MyPlayground.playground; sourceTree = "<group>"; };
		7FF11CAD1AB0D67900BDB868 /* HamburgerButton.swift */ = {isa = PBXFileReference; fileEncoding = 4; lastKnownFileType = sourcecode.swift; path = HamburgerButton.swift; sourceTree = "<group>"; };
		7FF11CAF1AB0DEC200BDB868 /* QuartzCore.framework */ = {isa = PBXFileReference; lastKnownFileType = wrapper.framework; name = QuartzCore.framework; path = System/Library/Frameworks/QuartzCore.framework; sourceTree = SDKROOT; };
		7FF11CB11AB0DECD00BDB868 /* CoreGraphics.framework */ = {isa = PBXFileReference; lastKnownFileType = wrapper.framework; name = CoreGraphics.framework; path = System/Library/Frameworks/CoreGraphics.framework; sourceTree = SDKROOT; };
		9797E8BCBF0E0CC42D1F1AC0 /* Pods.framework */ = {isa = PBXFileReference; explicitFileType = wrapper.framework; includeInIndex = 0; path = Pods.framework; sourceTree = BUILT_PRODUCTS_DIR; };
		AA2D2DF2161858396C7C4DD7 /* Pods.debug.xcconfig */ = {isa = PBXFileReference; includeInIndex = 1; lastKnownFileType = text.xcconfig; name = Pods.debug.xcconfig; path = "Pods/Target Support Files/Pods/Pods.debug.xcconfig"; sourceTree = "<group>"; };
/* End PBXFileReference section */

/* Begin PBXFrameworksBuildPhase section */
		7F6C7C9A1AAE7F13002C2D6C /* Frameworks */ = {
			isa = PBXFrameworksBuildPhase;
			buildActionMask = 2147483647;
			files = (
				7FE10A151AB3C16C00B09F50 /* MapKit.framework in Frameworks */,
				7FF11CB21AB0DECD00BDB868 /* CoreGraphics.framework in Frameworks */,
				7FF11CB01AB0DEC300BDB868 /* QuartzCore.framework in Frameworks */,
				483840BB9B415F075ED76681 /* Pods.framework in Frameworks */,
			);
			runOnlyForDeploymentPostprocessing = 0;
		};
		7F6C7CB21AAE7F13002C2D6C /* Frameworks */ = {
			isa = PBXFrameworksBuildPhase;
			buildActionMask = 2147483647;
			files = (
			);
			runOnlyForDeploymentPostprocessing = 0;
		};
/* End PBXFrameworksBuildPhase section */

/* Begin PBXGroup section */
		353A6EC670ABF06E79DD5660 /* Pods */ = {
			isa = PBXGroup;
			children = (
				AA2D2DF2161858396C7C4DD7 /* Pods.debug.xcconfig */,
				7C12A6A1B71E44D3D2259298 /* Pods.release.xcconfig */,
			);
			name = Pods;
			sourceTree = "<group>";
		};
		7F6C7C941AAE7F13002C2D6C = {
			isa = PBXGroup;
			children = (
				7F0396091AB0009300AFD33C /* Podfile */,
				7F6C7C9F1AAE7F13002C2D6C /* letseat */,
				7F6C7CB81AAE7F13002C2D6C /* letseatTests */,
				7F6C7C9E1AAE7F13002C2D6C /* Products */,
				BE072C8D6D1A2E478DA93B7B /* Frameworks */,
				353A6EC670ABF06E79DD5660 /* Pods */,
			);
			sourceTree = "<group>";
		};
		7F6C7C9E1AAE7F13002C2D6C /* Products */ = {
			isa = PBXGroup;
			children = (
				7F6C7C9D1AAE7F13002C2D6C /* letseat.app */,
				7F6C7CB51AAE7F13002C2D6C /* letseatTests.xctest */,
			);
			name = Products;
			sourceTree = "<group>";
		};
		7F6C7C9F1AAE7F13002C2D6C /* letseat */ = {
			isa = PBXGroup;
			children = (
				7F6C7CA21AAE7F13002C2D6C /* AppDelegate.swift */,
				7FE10A161AB3C1B600B09F50 /* Controllers */,
				7F6C7CA91AAE7F13002C2D6C /* Main.storyboard */,
				7F6C7CAC1AAE7F13002C2D6C /* Images.xcassets */,
				7F6C7CAE1AAE7F13002C2D6C /* LaunchScreen.xib */,
				7F6C7CA41AAE7F13002C2D6C /* letseat.xcdatamodeld */,
				7F6C7CA01AAE7F13002C2D6C /* Supporting Files */,
				7FE10A171AB3C1CF00B09F50 /* Models */,
				7FF11CAC1AB0C43300BDB868 /* MyPlayground.playground */,
				7FB725CC1AB495E100129F80 /* letseat-Bridging-Header.h */,
				7FC8FBEA1AB508260024E83D /* BusinessCell.xib */,
			);
			path = letseat;
			sourceTree = "<group>";
		};
		7F6C7CA01AAE7F13002C2D6C /* Supporting Files */ = {
			isa = PBXGroup;
			children = (
				7FCE5C171ABCBA4800A68671 /* Restaurant.swift */,
				7F6C7CA11AAE7F13002C2D6C /* Info.plist */,
			);
			name = "Supporting Files";
			sourceTree = "<group>";
		};
		7F6C7CB81AAE7F13002C2D6C /* letseatTests */ = {
			isa = PBXGroup;
			children = (
				7F6C7CBB1AAE7F13002C2D6C /* letseatTests.swift */,
				7F6C7CB91AAE7F13002C2D6C /* Supporting Files */,
			);
			path = letseatTests;
			sourceTree = "<group>";
		};
		7F6C7CB91AAE7F13002C2D6C /* Supporting Files */ = {
			isa = PBXGroup;
			children = (
				7F6C7CBA1AAE7F13002C2D6C /* Info.plist */,
			);
			name = "Supporting Files";
			sourceTree = "<group>";
		};
		7FE10A161AB3C1B600B09F50 /* Controllers */ = {
			isa = PBXGroup;
			children = (
				7F6C7CA71AAE7F13002C2D6C /* ViewController.swift */,
				7FF11CA81AB0A1DA00BDB868 /* MoodListTableViewController.swift */,
				7FE10A181AB3C23A00B09F50 /* PlacesViewController.swift */,
				7FC8FBDE1AB4B5480024E83D /* DetailViewController.swift */,
				7F04BA7F1ABB8DBC00A62B19 /* CreateMoodViewController.swift */,
			);
			name = Controllers;
			sourceTree = "<group>";
		};
		7FE10A171AB3C1CF00B09F50 /* Models */ = {
			isa = PBXGroup;
			children = (
				7FF11CAD1AB0D67900BDB868 /* HamburgerButton.swift */,
				7FE10A121AB3BA8C00B09F50 /* LetsEatNavigationBar.swift */,
				7FF11CAA1AB0BE9400BDB868 /* Mood.swift */,
				7FC8FBEC1AB512CC0024E83D /* BusinessCell.swift */,
				7FCE5C151ABBE6B500A68671 /* Location.swift */,
			);
			name = Models;
			sourceTree = "<group>";
		};
		BE072C8D6D1A2E478DA93B7B /* Frameworks */ = {
			isa = PBXGroup;
			children = (
				7FE10A141AB3C16C00B09F50 /* MapKit.framework */,
				7FF11CB11AB0DECD00BDB868 /* CoreGraphics.framework */,
				7FF11CAF1AB0DEC200BDB868 /* QuartzCore.framework */,
				9797E8BCBF0E0CC42D1F1AC0 /* Pods.framework */,
			);
			name = Frameworks;
			sourceTree = "<group>";
		};
/* End PBXGroup section */

/* Begin PBXNativeTarget section */
		7F6C7C9C1AAE7F13002C2D6C /* letseat */ = {
			isa = PBXNativeTarget;
			buildConfigurationList = 7F6C7CBF1AAE7F13002C2D6C /* Build configuration list for PBXNativeTarget "letseat" */;
			buildPhases = (
				7345635B02702AB3EB3485B0 /* Check Pods Manifest.lock */,
				7F6C7C991AAE7F13002C2D6C /* Sources */,
				7F6C7C9A1AAE7F13002C2D6C /* Frameworks */,
				7F6C7C9B1AAE7F13002C2D6C /* Resources */,
				87FD582897C7B70EF7685F0D /* Embed Pods Frameworks */,
				C7DD0CD2E8C20AEFFD4362AA /* Copy Pods Resources */,
			);
			buildRules = (
			);
			dependencies = (
			);
			name = letseat;
			productName = letseat;
			productReference = 7F6C7C9D1AAE7F13002C2D6C /* letseat.app */;
			productType = "com.apple.product-type.application";
		};
		7F6C7CB41AAE7F13002C2D6C /* letseatTests */ = {
			isa = PBXNativeTarget;
			buildConfigurationList = 7F6C7CC21AAE7F13002C2D6C /* Build configuration list for PBXNativeTarget "letseatTests" */;
			buildPhases = (
				7F6C7CB11AAE7F13002C2D6C /* Sources */,
				7F6C7CB21AAE7F13002C2D6C /* Frameworks */,
				7F6C7CB31AAE7F13002C2D6C /* Resources */,
			);
			buildRules = (
			);
			dependencies = (
				7F6C7CB71AAE7F13002C2D6C /* PBXTargetDependency */,
			);
			name = letseatTests;
			productName = letseatTests;
			productReference = 7F6C7CB51AAE7F13002C2D6C /* letseatTests.xctest */;
			productType = "com.apple.product-type.bundle.unit-test";
		};
/* End PBXNativeTarget section */

/* Begin PBXProject section */
		7F6C7C951AAE7F13002C2D6C /* Project object */ = {
			isa = PBXProject;
			attributes = {
				LastUpgradeCheck = 0610;
				ORGANIZATIONNAME = "Andre Shonubi";
				TargetAttributes = {
					7F6C7C9C1AAE7F13002C2D6C = {
						CreatedOnToolsVersion = 6.1.1;
						DevelopmentTeam = PK9Z8762HB;
					};
					7F6C7CB41AAE7F13002C2D6C = {
						CreatedOnToolsVersion = 6.1.1;
						TestTargetID = 7F6C7C9C1AAE7F13002C2D6C;
					};
				};
			};
			buildConfigurationList = 7F6C7C981AAE7F13002C2D6C /* Build configuration list for PBXProject "letseat" */;
			compatibilityVersion = "Xcode 3.2";
			developmentRegion = English;
			hasScannedForEncodings = 0;
			knownRegions = (
				en,
				Base,
			);
			mainGroup = 7F6C7C941AAE7F13002C2D6C;
			productRefGroup = 7F6C7C9E1AAE7F13002C2D6C /* Products */;
			projectDirPath = "";
			projectRoot = "";
			targets = (
				7F6C7C9C1AAE7F13002C2D6C /* letseat */,
				7F6C7CB41AAE7F13002C2D6C /* letseatTests */,
			);
		};
/* End PBXProject section */

/* Begin PBXResourcesBuildPhase section */
		7F6C7C9B1AAE7F13002C2D6C /* Resources */ = {
			isa = PBXResourcesBuildPhase;
			buildActionMask = 2147483647;
			files = (
				7F6C7CAB1AAE7F13002C2D6C /* Main.storyboard in Resources */,
				7FC8FBEB1AB508260024E83D /* BusinessCell.xib in Resources */,
				7F6C7CB01AAE7F13002C2D6C /* LaunchScreen.xib in Resources */,
				7F6C7CAD1AAE7F13002C2D6C /* Images.xcassets in Resources */,
			);
			runOnlyForDeploymentPostprocessing = 0;
		};
		7F6C7CB31AAE7F13002C2D6C /* Resources */ = {
			isa = PBXResourcesBuildPhase;
			buildActionMask = 2147483647;
			files = (
			);
			runOnlyForDeploymentPostprocessing = 0;
		};
/* End PBXResourcesBuildPhase section */

/* Begin PBXShellScriptBuildPhase section */
		7345635B02702AB3EB3485B0 /* Check Pods Manifest.lock */ = {
			isa = PBXShellScriptBuildPhase;
			buildActionMask = 2147483647;
			files = (
			);
			inputPaths = (
			);
			name = "Check Pods Manifest.lock";
			outputPaths = (
			);
			runOnlyForDeploymentPostprocessing = 0;
			shellPath = /bin/sh;
			shellScript = "diff \"${PODS_ROOT}/../Podfile.lock\" \"${PODS_ROOT}/Manifest.lock\" > /dev/null\nif [[ $? != 0 ]] ; then\n    cat << EOM\nerror: The sandbox is not in sync with the Podfile.lock. Run 'pod install' or update your CocoaPods installation.\nEOM\n    exit 1\nfi\n";
			showEnvVarsInLog = 0;
		};
		87FD582897C7B70EF7685F0D /* Embed Pods Frameworks */ = {
			isa = PBXShellScriptBuildPhase;
			buildActionMask = 2147483647;
			files = (
			);
			inputPaths = (
			);
			name = "Embed Pods Frameworks";
			outputPaths = (
			);
			runOnlyForDeploymentPostprocessing = 0;
			shellPath = /bin/sh;
			shellScript = "\"${SRCROOT}/Pods/Target Support Files/Pods/Pods-frameworks.sh\"\n";
			showEnvVarsInLog = 0;
		};
		C7DD0CD2E8C20AEFFD4362AA /* Copy Pods Resources */ = {
			isa = PBXShellScriptBuildPhase;
			buildActionMask = 2147483647;
			files = (
			);
			inputPaths = (
			);
			name = "Copy Pods Resources";
			outputPaths = (
			);
			runOnlyForDeploymentPostprocessing = 0;
			shellPath = /bin/sh;
			shellScript = "\"${SRCROOT}/Pods/Target Support Files/Pods/Pods-resources.sh\"\n";
			showEnvVarsInLog = 0;
		};
/* End PBXShellScriptBuildPhase section */

/* Begin PBXSourcesBuildPhase section */
		7F6C7C991AAE7F13002C2D6C /* Sources */ = {
			isa = PBXSourcesBuildPhase;
			buildActionMask = 2147483647;
			files = (
				7FF11CAB1AB0BE9400BDB868 /* Mood.swift in Sources */,
				7FC8FBED1AB512CC0024E83D /* BusinessCell.swift in Sources */,
				7F6C7CA81AAE7F13002C2D6C /* ViewController.swift in Sources */,
				7F6C7CA61AAE7F13002C2D6C /* letseat.xcdatamodeld in Sources */,
				7FF11CA91AB0A1DA00BDB868 /* MoodListTableViewController.swift in Sources */,
				7FE10A191AB3C23A00B09F50 /* PlacesViewController.swift in Sources */,
				7FCE5C161ABBE6B500A68671 /* Location.swift in Sources */,
				7F6C7CA31AAE7F13002C2D6C /* AppDelegate.swift in Sources */,
				7FF11CAE1AB0D67900BDB868 /* HamburgerButton.swift in Sources */,
				7FC8FBDF1AB4B5480024E83D /* DetailViewController.swift in Sources */,
				7FCE5C181ABCBA4800A68671 /* Restaurant.swift in Sources */,
				7F04BA801ABB8DBC00A62B19 /* CreateMoodViewController.swift in Sources */,
				7FE10A131AB3BA8C00B09F50 /* LetsEatNavigationBar.swift in Sources */,
			);
			runOnlyForDeploymentPostprocessing = 0;
		};
		7F6C7CB11AAE7F13002C2D6C /* Sources */ = {
			isa = PBXSourcesBuildPhase;
			buildActionMask = 2147483647;
			files = (
				7F6C7CBC1AAE7F13002C2D6C /* letseatTests.swift in Sources */,
			);
			runOnlyForDeploymentPostprocessing = 0;
		};
/* End PBXSourcesBuildPhase section */

/* Begin PBXTargetDependency section */
		7F6C7CB71AAE7F13002C2D6C /* PBXTargetDependency */ = {
			isa = PBXTargetDependency;
			target = 7F6C7C9C1AAE7F13002C2D6C /* letseat */;
			targetProxy = 7F6C7CB61AAE7F13002C2D6C /* PBXContainerItemProxy */;
		};
/* End PBXTargetDependency section */

/* Begin PBXVariantGroup section */
		7F6C7CA91AAE7F13002C2D6C /* Main.storyboard */ = {
			isa = PBXVariantGroup;
			children = (
				7F6C7CAA1AAE7F13002C2D6C /* Base */,
			);
			name = Main.storyboard;
			sourceTree = "<group>";
		};
		7F6C7CAE1AAE7F13002C2D6C /* LaunchScreen.xib */ = {
			isa = PBXVariantGroup;
			children = (
				7F6C7CAF1AAE7F13002C2D6C /* Base */,
			);
			name = LaunchScreen.xib;
			sourceTree = "<group>";
		};
/* End PBXVariantGroup section */

/* Begin XCBuildConfiguration section */
		7F6C7CBD1AAE7F13002C2D6C /* Debug */ = {
			isa = XCBuildConfiguration;
			buildSettings = {
				ALWAYS_SEARCH_USER_PATHS = NO;
				CLANG_CXX_LANGUAGE_STANDARD = "gnu++0x";
				CLANG_CXX_LIBRARY = "libc++";
				CLANG_ENABLE_MODULES = YES;
				CLANG_ENABLE_OBJC_ARC = YES;
				CLANG_WARN_BOOL_CONVERSION = YES;
				CLANG_WARN_CONSTANT_CONVERSION = YES;
				CLANG_WARN_DIRECT_OBJC_ISA_USAGE = YES_ERROR;
				CLANG_WARN_EMPTY_BODY = YES;
				CLANG_WARN_ENUM_CONVERSION = YES;
				CLANG_WARN_INT_CONVERSION = YES;
				CLANG_WARN_OBJC_ROOT_CLASS = YES_ERROR;
				CLANG_WARN_UNREACHABLE_CODE = YES;
				CLANG_WARN__DUPLICATE_METHOD_MATCH = YES;
				"CODE_SIGN_IDENTITY[sdk=iphoneos*]" = "iPhone Developer";
				COPY_PHASE_STRIP = NO;
				ENABLE_STRICT_OBJC_MSGSEND = YES;
				GCC_C_LANGUAGE_STANDARD = gnu99;
				GCC_DYNAMIC_NO_PIC = NO;
				GCC_OPTIMIZATION_LEVEL = 0;
				GCC_PREPROCESSOR_DEFINITIONS = (
					"DEBUG=1",
					"$(inherited)",
				);
				GCC_SYMBOLS_PRIVATE_EXTERN = NO;
				GCC_WARN_64_TO_32_BIT_CONVERSION = YES;
				GCC_WARN_ABOUT_RETURN_TYPE = YES_ERROR;
				GCC_WARN_UNDECLARED_SELECTOR = YES;
				GCC_WARN_UNINITIALIZED_AUTOS = YES_AGGRESSIVE;
				GCC_WARN_UNUSED_FUNCTION = YES;
				GCC_WARN_UNUSED_VARIABLE = YES;
				IPHONEOS_DEPLOYMENT_TARGET = 8.1;
				MTL_ENABLE_DEBUG_INFO = YES;
				ONLY_ACTIVE_ARCH = YES;
				SDKROOT = iphoneos;
				SWIFT_OPTIMIZATION_LEVEL = "-Onone";
			};
			name = Debug;
		};
		7F6C7CBE1AAE7F13002C2D6C /* Release */ = {
			isa = XCBuildConfiguration;
			buildSettings = {
				ALWAYS_SEARCH_USER_PATHS = NO;
				CLANG_CXX_LANGUAGE_STANDARD = "gnu++0x";
				CLANG_CXX_LIBRARY = "libc++";
				CLANG_ENABLE_MODULES = YES;
				CLANG_ENABLE_OBJC_ARC = YES;
				CLANG_WARN_BOOL_CONVERSION = YES;
				CLANG_WARN_CONSTANT_CONVERSION = YES;
				CLANG_WARN_DIRECT_OBJC_ISA_USAGE = YES_ERROR;
				CLANG_WARN_EMPTY_BODY = YES;
				CLANG_WARN_ENUM_CONVERSION = YES;
				CLANG_WARN_INT_CONVERSION = YES;
				CLANG_WARN_OBJC_ROOT_CLASS = YES_ERROR;
				CLANG_WARN_UNREACHABLE_CODE = YES;
				CLANG_WARN__DUPLICATE_METHOD_MATCH = YES;
				"CODE_SIGN_IDENTITY[sdk=iphoneos*]" = "iPhone Developer";
				COPY_PHASE_STRIP = YES;
				ENABLE_NS_ASSERTIONS = NO;
				ENABLE_STRICT_OBJC_MSGSEND = YES;
				GCC_C_LANGUAGE_STANDARD = gnu99;
				GCC_WARN_64_TO_32_BIT_CONVERSION = YES;
				GCC_WARN_ABOUT_RETURN_TYPE = YES_ERROR;
				GCC_WARN_UNDECLARED_SELECTOR = YES;
				GCC_WARN_UNINITIALIZED_AUTOS = YES_AGGRESSIVE;
				GCC_WARN_UNUSED_FUNCTION = YES;
				GCC_WARN_UNUSED_VARIABLE = YES;
				IPHONEOS_DEPLOYMENT_TARGET = 8.1;
				MTL_ENABLE_DEBUG_INFO = NO;
				SDKROOT = iphoneos;
				VALIDATE_PRODUCT = YES;
			};
			name = Release;
		};
		7F6C7CC01AAE7F13002C2D6C /* Debug */ = {
			isa = XCBuildConfiguration;
			baseConfigurationReference = AA2D2DF2161858396C7C4DD7 /* Pods.debug.xcconfig */;
			buildSettings = {
				ASSETCATALOG_COMPILER_APPICON_NAME = AppIcon;
				CLANG_ENABLE_MODULES = YES;
				CODE_SIGN_IDENTITY = "iPhone Developer";
				INFOPLIST_FILE = letseat/Info.plist;
				IPHONEOS_DEPLOYMENT_TARGET = 8.1;
				LD_RUNPATH_SEARCH_PATHS = "$(inherited) @executable_path/Frameworks";
				PRODUCT_NAME = "$(TARGET_NAME)";
				SWIFT_OBJC_BRIDGING_HEADER = "letseat/letseat-Bridging-Header.h";
				SWIFT_OPTIMIZATION_LEVEL = "-Onone";
			};
			name = Debug;
		};
		7F6C7CC11AAE7F13002C2D6C /* Release */ = {
			isa = XCBuildConfiguration;
			baseConfigurationReference = 7C12A6A1B71E44D3D2259298 /* Pods.release.xcconfig */;
			buildSettings = {
				ASSETCATALOG_COMPILER_APPICON_NAME = AppIcon;
				CLANG_ENABLE_MODULES = YES;
				CODE_SIGN_IDENTITY = "iPhone Developer";
				INFOPLIST_FILE = letseat/Info.plist;
				IPHONEOS_DEPLOYMENT_TARGET = 8.1;
				LD_RUNPATH_SEARCH_PATHS = "$(inherited) @executable_path/Frameworks";
				PRODUCT_NAME = "$(TARGET_NAME)";
				SWIFT_OBJC_BRIDGING_HEADER = "letseat/letseat-Bridging-Header.h";
			};
			name = Release;
		};
		7F6C7CC31AAE7F13002C2D6C /* Debug */ = {
			isa = XCBuildConfiguration;
			buildSettings = {
				BUNDLE_LOADER = "$(TEST_HOST)";
				FRAMEWORK_SEARCH_PATHS = (
					"$(SDKROOT)/Developer/Library/Frameworks",
					"$(inherited)",
				);
				GCC_PREPROCESSOR_DEFINITIONS = (
					"DEBUG=1",
					"$(inherited)",
				);
				INFOPLIST_FILE = letseatTests/Info.plist;
				LD_RUNPATH_SEARCH_PATHS = "$(inherited) @executable_path/Frameworks @loader_path/Frameworks";
				PRODUCT_NAME = "$(TARGET_NAME)";
				TEST_HOST = "$(BUILT_PRODUCTS_DIR)/letseat.app/letseat";
			};
			name = Debug;
		};
		7F6C7CC41AAE7F13002C2D6C /* Release */ = {
			isa = XCBuildConfiguration;
			buildSettings = {
				BUNDLE_LOADER = "$(TEST_HOST)";
				FRAMEWORK_SEARCH_PATHS = (
					"$(SDKROOT)/Developer/Library/Frameworks",
					"$(inherited)",
				);
				INFOPLIST_FILE = letseatTests/Info.plist;
				LD_RUNPATH_SEARCH_PATHS = "$(inherited) @executable_path/Frameworks @loader_path/Frameworks";
				PRODUCT_NAME = "$(TARGET_NAME)";
				TEST_HOST = "$(BUILT_PRODUCTS_DIR)/letseat.app/letseat";
			};
			name = Release;
		};
/* End XCBuildConfiguration section */

/* Begin XCConfigurationList section */
		7F6C7C981AAE7F13002C2D6C /* Build configuration list for PBXProject "letseat" */ = {
			isa = XCConfigurationList;
			buildConfigurations = (
				7F6C7CBD1AAE7F13002C2D6C /* Debug */,
				7F6C7CBE1AAE7F13002C2D6C /* Release */,
			);
			defaultConfigurationIsVisible = 0;
			defaultConfigurationName = Release;
		};
		7F6C7CBF1AAE7F13002C2D6C /* Build configuration list for PBXNativeTarget "letseat" */ = {
			isa = XCConfigurationList;
			buildConfigurations = (
				7F6C7CC01AAE7F13002C2D6C /* Debug */,
				7F6C7CC11AAE7F13002C2D6C /* Release */,
			);
			defaultConfigurationIsVisible = 0;
			defaultConfigurationName = Release;
		};
		7F6C7CC21AAE7F13002C2D6C /* Build configuration list for PBXNativeTarget "letseatTests" */ = {
			isa = XCConfigurationList;
			buildConfigurations = (
				7F6C7CC31AAE7F13002C2D6C /* Debug */,
				7F6C7CC41AAE7F13002C2D6C /* Release */,
			);
			defaultConfigurationIsVisible = 0;
			defaultConfigurationName = Release;
		};
/* End XCConfigurationList section */

/* Begin XCVersionGroup section */
		7F6C7CA41AAE7F13002C2D6C /* letseat.xcdatamodeld */ = {
			isa = XCVersionGroup;
			children = (
				7F6C7CA51AAE7F13002C2D6C /* letseat.xcdatamodel */,
			);
			currentVersion = 7F6C7CA51AAE7F13002C2D6C /* letseat.xcdatamodel */;
			path = letseat.xcdatamodeld;
			sourceTree = "<group>";
			versionGroupType = wrapper.xcdatamodel;
		};
/* End XCVersionGroup section */
	};
	rootObject = 7F6C7C951AAE7F13002C2D6C /* Project object */;
}
